
Microsoft Visual Studio Solution File, Format Version 12.00
# Visual Studio Version 16
VisualStudioVersion = 16.0.30309.148
MinimumVisualStudioVersion = 10.0.40219.1
Project("{FAE04EC0-301F-11D3-BF4B-00C04F79EFBC}") = "windowformapp", "windowformapp.csproj", "{8C0C5912-5927-4B0B-BBF2-08B43FEF8A9D}"
EndProject
Global
	GlobalSection(SolutionConfigurationPlatforms) = preSolution
		Debug|Any CPU = Debug|Any CPU
		Release|Any CPU = Release|Any CPU
	EndGlobalSection
	GlobalSection(ProjectConfigurationPlatforms) = postSolution
		{8C0C5912-5927-4B0B-BBF2-08B43FEF8A9D}.Debug|Any CPU.ActiveCfg = Debug|Any CPU
		{8C0C5912-5927-4B0B-BBF2-08B43FEF8A9D}.Debug|Any CPU.Build.0 = Debug|Any CPU
		{8C0C5912-5927-4B0B-BBF2-08B43FEF8A9D}.Release|Any CPU.ActiveCfg = Release|Any CPU
		{8C0C5912-5927-4B0B-BBF2-08B43FEF8A9D}.Release|Any CPU.Build.0 = Release|Any CPU
	EndGlobalSection
	GlobalSection(SolutionProperties) = preSolution
		HideSolutionNode = FALSE
	EndGlobalSection
	GlobalSection(ExtensibilityGlobals) = postSolution
		SolutionGuid = {77B2D58C-AFE2-4EA0-B16D-0A48430B98B2}
	EndGlobalSection
EndGlobal
